
Microsoft Visual Studio Solution File, Format Version 12.00
# Visual Studio Version 17
VisualStudioVersion = 17.4.33122.133
MinimumVisualStudioVersion = 10.0.40219.1
Project("{8BC9CEB8-8B4A-11D0-8D11-00A0C91BC942}") = "Día 1", "01\Day01.vcxproj", "{48DE87F6-F852-4E68-AE58-F0F201E359B9}"
EndProject
Project("{8BC9CEB8-8B4A-11D0-8D11-00A0C91BC942}") = "Día 2", "02\Day02.vcxproj", "{5B80ACD3-95F3-4AC6-9008-F6C9B4102923}"
EndProject
Project("{8BC9CEB8-8B4A-11D0-8D11-00A0C91BC942}") = "Día 3", "03\Day03.vcxproj", "{27DD4B6B-1F75-470B-B351-8030C453F8B7}"
EndProject
Project("{8BC9CEB8-8B4A-11D0-8D11-00A0C91BC942}") = "Día 4", "04\Day04.vcxproj", "{2DB4B249-122F-4413-9F83-7588166FC08B}"
EndProject
Project("{8BC9CEB8-8B4A-11D0-8D11-00A0C91BC942}") = "Día 5", "05\Day05.vcxproj", "{627A40A6-C9A5-4F11-BF91-AC344988903D}"
EndProject
Project("{8BC9CEB8-8B4A-11D0-8D11-00A0C91BC942}") = "Día 6", "06\Day06.vcxproj", "{3E3750CE-7ADA-4423-A69A-9E7678B98BDB}"
EndProject
Project("{888888A0-9F3D-457C-B088-3A5042F75D52}") = "Día 7", "07\Día 7.pyproj", "{6893CB23-C163-46B0-B0F3-DE607185AC5D}"
EndProject
Global
	GlobalSection(SolutionConfigurationPlatforms) = preSolution
		Debug|Any CPU = Debug|Any CPU
		Debug|x64 = Debug|x64
		Debug|x86 = Debug|x86
		Release|Any CPU = Release|Any CPU
		Release|x64 = Release|x64
		Release|x86 = Release|x86
	EndGlobalSection
	GlobalSection(ProjectConfigurationPlatforms) = postSolution
		{48DE87F6-F852-4E68-AE58-F0F201E359B9}.Debug|Any CPU.ActiveCfg = Debug|x64
		{48DE87F6-F852-4E68-AE58-F0F201E359B9}.Debug|Any CPU.Build.0 = Debug|x64
		{48DE87F6-F852-4E68-AE58-F0F201E359B9}.Debug|x64.ActiveCfg = Debug|x64
		{48DE87F6-F852-4E68-AE58-F0F201E359B9}.Debug|x64.Build.0 = Debug|x64
		{48DE87F6-F852-4E68-AE58-F0F201E359B9}.Debug|x86.ActiveCfg = Debug|Win32
		{48DE87F6-F852-4E68-AE58-F0F201E359B9}.Debug|x86.Build.0 = Debug|Win32
		{48DE87F6-F852-4E68-AE58-F0F201E359B9}.Release|Any CPU.ActiveCfg = Release|x64
		{48DE87F6-F852-4E68-AE58-F0F201E359B9}.Release|Any CPU.Build.0 = Release|x64
		{48DE87F6-F852-4E68-AE58-F0F201E359B9}.Release|x64.ActiveCfg = Release|x64
		{48DE87F6-F852-4E68-AE58-F0F201E359B9}.Release|x64.Build.0 = Release|x64
		{48DE87F6-F852-4E68-AE58-F0F201E359B9}.Release|x86.ActiveCfg = Release|Win32
		{48DE87F6-F852-4E68-AE58-F0F201E359B9}.Release|x86.Build.0 = Release|Win32
		{5B80ACD3-95F3-4AC6-9008-F6C9B4102923}.Debug|Any CPU.ActiveCfg = Debug|x64
		{5B80ACD3-95F3-4AC6-9008-F6C9B4102923}.Debug|Any CPU.Build.0 = Debug|x64
		{5B80ACD3-95F3-4AC6-9008-F6C9B4102923}.Debug|x64.ActiveCfg = Debug|x64
		{5B80ACD3-95F3-4AC6-9008-F6C9B4102923}.Debug|x64.Build.0 = Debug|x64
		{5B80ACD3-95F3-4AC6-9008-F6C9B4102923}.Debug|x86.ActiveCfg = Debug|Win32
		{5B80ACD3-95F3-4AC6-9008-F6C9B4102923}.Debug|x86.Build.0 = Debug|Win32
		{5B80ACD3-95F3-4AC6-9008-F6C9B4102923}.Release|Any CPU.ActiveCfg = Release|x64
		{5B80ACD3-95F3-4AC6-9008-F6C9B4102923}.Release|Any CPU.Build.0 = Release|x64
		{5B80ACD3-95F3-4AC6-9008-F6C9B4102923}.Release|x64.ActiveCfg = Release|x64
		{5B80ACD3-95F3-4AC6-9008-F6C9B4102923}.Release|x64.Build.0 = Release|x64
		{5B80ACD3-95F3-4AC6-9008-F6C9B4102923}.Release|x86.ActiveCfg = Release|Win32
		{5B80ACD3-95F3-4AC6-9008-F6C9B4102923}.Release|x86.Build.0 = Release|Win32
		{27DD4B6B-1F75-470B-B351-8030C453F8B7}.Debug|Any CPU.ActiveCfg = Debug|x64
		{27DD4B6B-1F75-470B-B351-8030C453F8B7}.Debug|Any CPU.Build.0 = Debug|x64
		{27DD4B6B-1F75-470B-B351-8030C453F8B7}.Debug|x64.ActiveCfg = Debug|x64
		{27DD4B6B-1F75-470B-B351-8030C453F8B7}.Debug|x64.Build.0 = Debug|x64
		{27DD4B6B-1F75-470B-B351-8030C453F8B7}.Debug|x86.ActiveCfg = Debug|Win32
		{27DD4B6B-1F75-470B-B351-8030C453F8B7}.Debug|x86.Build.0 = Debug|Win32
		{27DD4B6B-1F75-470B-B351-8030C453F8B7}.Release|Any CPU.ActiveCfg = Release|x64
		{27DD4B6B-1F75-470B-B351-8030C453F8B7}.Release|Any CPU.Build.0 = Release|x64
		{27DD4B6B-1F75-470B-B351-8030C453F8B7}.Release|x64.ActiveCfg = Release|x64
		{27DD4B6B-1F75-470B-B351-8030C453F8B7}.Release|x64.Build.0 = Release|x64
		{27DD4B6B-1F75-470B-B351-8030C453F8B7}.Release|x86.ActiveCfg = Release|Win32
		{27DD4B6B-1F75-470B-B351-8030C453F8B7}.Release|x86.Build.0 = Release|Win32
		{2DB4B249-122F-4413-9F83-7588166FC08B}.Debug|Any CPU.ActiveCfg = Debug|x64
		{2DB4B249-122F-4413-9F83-7588166FC08B}.Debug|Any CPU.Build.0 = Debug|x64
		{2DB4B249-122F-4413-9F83-7588166FC08B}.Debug|x64.ActiveCfg = Debug|x64
		{2DB4B249-122F-4413-9F83-7588166FC08B}.Debug|x64.Build.0 = Debug|x64
		{2DB4B249-122F-4413-9F83-7588166FC08B}.Debug|x86.ActiveCfg = Debug|Win32
		{2DB4B249-122F-4413-9F83-7588166FC08B}.Debug|x86.Build.0 = Debug|Win32
		{2DB4B249-122F-4413-9F83-7588166FC08B}.Release|Any CPU.ActiveCfg = Release|x64
		{2DB4B249-122F-4413-9F83-7588166FC08B}.Release|Any CPU.Build.0 = Release|x64
		{2DB4B249-122F-4413-9F83-7588166FC08B}.Release|x64.ActiveCfg = Release|x64
		{2DB4B249-122F-4413-9F83-7588166FC08B}.Release|x64.Build.0 = Release|x64
		{2DB4B249-122F-4413-9F83-7588166FC08B}.Release|x86.ActiveCfg = Release|Win32
		{2DB4B249-122F-4413-9F83-7588166FC08B}.Release|x86.Build.0 = Release|Win32
		{627A40A6-C9A5-4F11-BF91-AC344988903D}.Debug|Any CPU.ActiveCfg = Debug|x64
		{627A40A6-C9A5-4F11-BF91-AC344988903D}.Debug|Any CPU.Build.0 = Debug|x64
		{627A40A6-C9A5-4F11-BF91-AC344988903D}.Debug|x64.ActiveCfg = Debug|x64
		{627A40A6-C9A5-4F11-BF91-AC344988903D}.Debug|x64.Build.0 = Debug|x64
		{627A40A6-C9A5-4F11-BF91-AC344988903D}.Debug|x86.ActiveCfg = Debug|Win32
		{627A40A6-C9A5-4F11-BF91-AC344988903D}.Debug|x86.Build.0 = Debug|Win32
		{627A40A6-C9A5-4F11-BF91-AC344988903D}.Release|Any CPU.ActiveCfg = Release|x64
		{627A40A6-C9A5-4F11-BF91-AC344988903D}.Release|Any CPU.Build.0 = Release|x64
		{627A40A6-C9A5-4F11-BF91-AC344988903D}.Release|x64.ActiveCfg = Release|x64
		{627A40A6-C9A5-4F11-BF91-AC344988903D}.Release|x64.Build.0 = Release|x64
		{627A40A6-C9A5-4F11-BF91-AC344988903D}.Release|x86.ActiveCfg = Release|Win32
		{627A40A6-C9A5-4F11-BF91-AC344988903D}.Release|x86.Build.0 = Release|Win32
		{3E3750CE-7ADA-4423-A69A-9E7678B98BDB}.Debug|Any CPU.ActiveCfg = Debug|x64
		{3E3750CE-7ADA-4423-A69A-9E7678B98BDB}.Debug|Any CPU.Build.0 = Debug|x64
		{3E3750CE-7ADA-4423-A69A-9E7678B98BDB}.Debug|x64.ActiveCfg = Debug|x64
		{3E3750CE-7ADA-4423-A69A-9E7678B98BDB}.Debug|x64.Build.0 = Debug|x64
		{3E3750CE-7ADA-4423-A69A-9E7678B98BDB}.Debug|x86.ActiveCfg = Debug|Win32
		{3E3750CE-7ADA-4423-A69A-9E7678B98BDB}.Debug|x86.Build.0 = Debug|Win32
		{3E3750CE-7ADA-4423-A69A-9E7678B98BDB}.Release|Any CPU.ActiveCfg = Release|x64
		{3E3750CE-7ADA-4423-A69A-9E7678B98BDB}.Release|Any CPU.Build.0 = Release|x64
		{3E3750CE-7ADA-4423-A69A-9E7678B98BDB}.Release|x64.ActiveCfg = Release|x64
		{3E3750CE-7ADA-4423-A69A-9E7678B98BDB}.Release|x64.Build.0 = Release|x64
		{3E3750CE-7ADA-4423-A69A-9E7678B98BDB}.Release|x86.ActiveCfg = Release|Win32
		{3E3750CE-7ADA-4423-A69A-9E7678B98BDB}.Release|x86.Build.0 = Release|Win32
		{6893CB23-C163-46B0-B0F3-DE607185AC5D}.Debug|Any CPU.ActiveCfg = Debug|Any CPU
		{6893CB23-C163-46B0-B0F3-DE607185AC5D}.Debug|x64.ActiveCfg = Debug|Any CPU
		{6893CB23-C163-46B0-B0F3-DE607185AC5D}.Debug|x86.ActiveCfg = Debug|Any CPU
		{6893CB23-C163-46B0-B0F3-DE607185AC5D}.Release|Any CPU.ActiveCfg = Release|Any CPU
		{6893CB23-C163-46B0-B0F3-DE607185AC5D}.Release|x64.ActiveCfg = Release|Any CPU
		{6893CB23-C163-46B0-B0F3-DE607185AC5D}.Release|x86.ActiveCfg = Release|Any CPU
	EndGlobalSection
	GlobalSection(SolutionProperties) = preSolution
		HideSolutionNode = FALSE
	EndGlobalSection
	GlobalSection(ExtensibilityGlobals) = postSolution
		SolutionGuid = {40A4B80A-34A2-417A-9D25-97FC9F00322C}
	EndGlobalSection
EndGlobal
